
Microsoft Visual Studio Solution File, Format Version 12.00
# Visual Studio 15
VisualStudioVersion = 15.0.27428.2043
MinimumVisualStudioVersion = 10.0.40219.1
Project("{FAE04EC0-301F-11D3-BF4B-00C04F79EFBC}") = "MapasGoogle", "MapasGoogle\MapasGoogle.csproj", "{40971137-2E19-426B-B2C5-F065CA34A158}"
EndProject
Global
	GlobalSection(SolutionConfigurationPlatforms) = preSolution
		Debug|Any CPU = Debug|Any CPU
		Release|Any CPU = Release|Any CPU
	EndGlobalSection
	GlobalSection(ProjectConfigurationPlatforms) = postSolution
		{40971137-2E19-426B-B2C5-F065CA34A158}.Debug|Any CPU.ActiveCfg = Debug|Any CPU
		{40971137-2E19-426B-B2C5-F065CA34A158}.Debug|Any CPU.Build.0 = Debug|Any CPU
		{40971137-2E19-426B-B2C5-F065CA34A158}.Release|Any CPU.ActiveCfg = Release|Any CPU
		{40971137-2E19-426B-B2C5-F065CA34A158}.Release|Any CPU.Build.0 = Release|Any CPU
	EndGlobalSection
	GlobalSection(SolutionProperties) = preSolution
		HideSolutionNode = FALSE
	EndGlobalSection
	GlobalSection(ExtensibilityGlobals) = postSolution
		SolutionGuid = {FD40C8D0-1FAD-4681-B701-CC712A6FF9D0}
	EndGlobalSection
EndGlobal
